// !$*UTF8*$!
{
	archiveVersion = 1;
	classes = {
	};
	objectVersion = 46;
	objects = {

/* Begin PBXBuildFile section */
		382554BF157BE3550099CC24 /* Cocoa.framework in Frameworks */ = {isa = PBXBuildFile; fileRef = 382554BE157BE3550099CC24 /* Cocoa.framework */; };
		382554C9157BE3550099CC24 /* InfoPlist.strings in Resources */ = {isa = PBXBuildFile; fileRef = 382554C7157BE3550099CC24 /* InfoPlist.strings */; };
		382554CB157BE3550099CC24 /* main.m in Sources */ = {isa = PBXBuildFile; fileRef = 382554CA157BE3550099CC24 /* main.m */; };
		382554CF157BE3550099CC24 /* Credits.rtf in Resources */ = {isa = PBXBuildFile; fileRef = 382554CD157BE3550099CC24 /* Credits.rtf */; };
		382554D2157BE3550099CC24 /* VJDocument.m in Sources */ = {isa = PBXBuildFile; fileRef = 382554D1157BE3550099CC24 /* VJDocument.m */; };
		382554D5157BE3550099CC24 /* VJDocument.xib in Resources */ = {isa = PBXBuildFile; fileRef = 382554D3157BE3550099CC24 /* VJDocument.xib */; };
		382554D8157BE3550099CC24 /* MainMenu.xib in Resources */ = {isa = PBXBuildFile; fileRef = 382554D6157BE3550099CC24 /* MainMenu.xib */; };
		382554E5157BE3550099CC24 /* CoreServices.framework in Frameworks */ = {isa = PBXBuildFile; fileRef = 382554E4157BE3550099CC24 /* CoreServices.framework */; };
		382554E7157BE3550099CC24 /* CoreFoundation.framework in Frameworks */ = {isa = PBXBuildFile; fileRef = 382554E6157BE3550099CC24 /* CoreFoundation.framework */; };
		382554E9157BE3550099CC24 /* CoreData.framework in Frameworks */ = {isa = PBXBuildFile; fileRef = 382554E8157BE3550099CC24 /* CoreData.framework */; };
		382554EB157BE3550099CC24 /* Foundation.framework in Frameworks */ = {isa = PBXBuildFile; fileRef = 382554EA157BE3550099CC24 /* Foundation.framework */; };
		382554F1157BE3550099CC24 /* InfoPlist.strings in Resources */ = {isa = PBXBuildFile; fileRef = 382554EF157BE3550099CC24 /* InfoPlist.strings */; };
		382554F3157BE3550099CC24 /* main.c in Sources */ = {isa = PBXBuildFile; fileRef = 382554F2157BE3550099CC24 /* main.c */; };
		382554F5157BE3550099CC24 /* GetMetadataForFile.m in Sources */ = {isa = PBXBuildFile; fileRef = 382554F4157BE3550099CC24 /* GetMetadataForFile.m */; };
		382554F8157BE3550099CC24 /* MySpotlightImporter.m in Sources */ = {isa = PBXBuildFile; fileRef = 382554F7157BE3550099CC24 /* MySpotlightImporter.m */; };
		38255567157C94C50099CC24 /* JsonElement.m in Sources */ = {isa = PBXBuildFile; fileRef = 38255566157C94C50099CC24 /* JsonElement.m */; };
		38416C0E160A240A0059A916 /* Icon.iconset in Resources */ = {isa = PBXBuildFile; fileRef = 38416C0D160A240A0059A916 /* Icon.iconset */; };
		385E84F71597839F001562F6 /* AppDelegate.m in Sources */ = {isa = PBXBuildFile; fileRef = 385E84F61597839F001562F6 /* AppDelegate.m */; };
		3868F73D1629E8E700C31163 /* Cocoa.framework in Frameworks */ = {isa = PBXBuildFile; fileRef = 382554BE157BE3550099CC24 /* Cocoa.framework */; };
		3868F78E1629E8F900C31163 /* AppDelegate.m in Sources */ = {isa = PBXBuildFile; fileRef = 385E84F61597839F001562F6 /* AppDelegate.m */; };
		3868F78F1629E8F900C31163 /* VJRequest.m in Sources */ = {isa = PBXBuildFile; fileRef = 38A1C034157DD7030034EDC4 /* VJRequest.m */; };
		3868F7901629E8FE00C31163 /* VJDocument.m in Sources */ = {isa = PBXBuildFile; fileRef = 382554D1157BE3550099CC24 /* VJDocument.m */; };
		3868F7971629EA9D00C31163 /* main.m in Sources */ = {isa = PBXBuildFile; fileRef = 382554CA157BE3550099CC24 /* main.m */; };
		3868F7981629EAB200C31163 /* VJDocument.xcdatamodeld in Sources */ = {isa = PBXBuildFile; fileRef = 38A1C036157E15240034EDC4 /* VJDocument.xcdatamodeld */; };
		3868F79E1629EDCF00C31163 /* VJJsonDocumentDelegate.m in Sources */ = {isa = PBXBuildFile; fileRef = 3868F79D1629EDCF00C31163 /* VJJsonDocumentDelegate.m */; };
		3868F7A11629F12200C31163 /* VJXMLDocumentDelegate.m in Sources */ = {isa = PBXBuildFile; fileRef = 3868F7A01629F12200C31163 /* VJXMLDocumentDelegate.m */; };
		3868F7A21629F23D00C31163 /* VJDocument.xib in Resources */ = {isa = PBXBuildFile; fileRef = 382554D3157BE3550099CC24 /* VJDocument.xib */; };
		3868F7A31629F23D00C31163 /* MainMenu.xib in Resources */ = {isa = PBXBuildFile; fileRef = 382554D6157BE3550099CC24 /* MainMenu.xib */; };
		3868F7A4162B1AAC00C31163 /* VJXMLDocumentDelegate.m in Sources */ = {isa = PBXBuildFile; fileRef = 3868F7A01629F12200C31163 /* VJXMLDocumentDelegate.m */; };
		387B1EBA16EBDEA80059722B /* VJJsonDocumentDelegate.m in Sources */ = {isa = PBXBuildFile; fileRef = 3868F79D1629EDCF00C31163 /* VJJsonDocumentDelegate.m */; };
		387B1EBB16EBDEB40059722B /* JsonElement.m in Sources */ = {isa = PBXBuildFile; fileRef = 38255566157C94C50099CC24 /* JsonElement.m */; };
		387B1EBC16EBDEC30059722B /* VJDocumentHistory.m in Sources */ = {isa = PBXBuildFile; fileRef = 388DE109165480EE00139B31 /* VJDocumentHistory.m */; };
		387B1EBE16EBDF640059722B /* libPods.a in Frameworks */ = {isa = PBXBuildFile; fileRef = 387B1EBD16EBDF640059722B /* libPods.a */; };
		387B1EC016EBE3EF0059722B /* Icon.iconset in Resources */ = {isa = PBXBuildFile; fileRef = 387B1EBF16EBE3EF0059722B /* Icon.iconset */; };
		388DE10A165480EE00139B31 /* VJDocumentHistory.m in Sources */ = {isa = PBXBuildFile; fileRef = 388DE109165480EE00139B31 /* VJDocumentHistory.m */; };
		38A1C035157DD7030034EDC4 /* VJRequest.m in Sources */ = {isa = PBXBuildFile; fileRef = 38A1C034157DD7030034EDC4 /* VJRequest.m */; };
		38A1C038157E15240034EDC4 /* VJDocument.xcdatamodeld in Sources */ = {isa = PBXBuildFile; fileRef = 38A1C036157E15240034EDC4 /* VJDocument.xcdatamodeld */; };
		38B0C710164101F20044C73C /* libPods.a in Frameworks */ = {isa = PBXBuildFile; fileRef = 38B0C70F164101F20044C73C /* libPods.a */; };
/* End PBXBuildFile section */

/* Begin PBXCopyFilesBuildPhase section */
		3868F79A1629EACF00C31163 /* Copy Frameworks */ = {
			isa = PBXCopyFilesBuildPhase;
			buildActionMask = 2147483647;
			dstPath = "";
			dstSubfolderSpec = 10;
			files = (
			);
			name = "Copy Frameworks";
			runOnlyForDeploymentPostprocessing = 0;
		};
		388227E415924E57000AB63D /* Copy Frameworks */ = {
			isa = PBXCopyFilesBuildPhase;
			buildActionMask = 2147483647;
			dstPath = "";
			dstSubfolderSpec = 10;
			files = (
			);
			name = "Copy Frameworks";
			runOnlyForDeploymentPostprocessing = 0;
		};
/* End PBXCopyFilesBuildPhase section */

/* Begin PBXFileReference section */
		382554BA157BE3550099CC24 /* VisualJSON.app */ = {isa = PBXFileReference; explicitFileType = wrapper.application; includeInIndex = 0; path = VisualJSON.app; sourceTree = BUILT_PRODUCTS_DIR; };
		382554BE157BE3550099CC24 /* Cocoa.framework */ = {isa = PBXFileReference; includeInIndex = 1; lastKnownFileType = wrapper.framework; name = Cocoa.framework; path = System/Library/Frameworks/Cocoa.framework; sourceTree = SDKROOT; };
		382554C1157BE3550099CC24 /* AppKit.framework */ = {isa = PBXFileReference; lastKnownFileType = wrapper.framework; name = AppKit.framework; path = System/Library/Frameworks/AppKit.framework; sourceTree = SDKROOT; };
		382554C2157BE3550099CC24 /* CoreData.framework */ = {isa = PBXFileReference; lastKnownFileType = wrapper.framework; name = CoreData.framework; path = System/Library/Frameworks/CoreData.framework; sourceTree = SDKROOT; };
		382554C3157BE3550099CC24 /* Foundation.framework */ = {isa = PBXFileReference; lastKnownFileType = wrapper.framework; name = Foundation.framework; path = System/Library/Frameworks/Foundation.framework; sourceTree = SDKROOT; };
		382554C6157BE3550099CC24 /* VisualJSON-Info.plist */ = {isa = PBXFileReference; lastKnownFileType = text.plist.xml; path = "VisualJSON-Info.plist"; sourceTree = "<group>"; };
		382554C8157BE3550099CC24 /* en */ = {isa = PBXFileReference; lastKnownFileType = text.plist.strings; name = en; path = en.lproj/InfoPlist.strings; sourceTree = "<group>"; };
		382554CA157BE3550099CC24 /* main.m */ = {isa = PBXFileReference; lastKnownFileType = sourcecode.c.objc; path = main.m; sourceTree = "<group>"; };
		382554CC157BE3550099CC24 /* VisualJSON-Prefix.pch */ = {isa = PBXFileReference; lastKnownFileType = sourcecode.c.h; path = "VisualJSON-Prefix.pch"; sourceTree = "<group>"; };
		382554CE157BE3550099CC24 /* en */ = {isa = PBXFileReference; lastKnownFileType = text.rtf; name = en; path = en.lproj/Credits.rtf; sourceTree = "<group>"; };
		382554D0157BE3550099CC24 /* VJDocument.h */ = {isa = PBXFileReference; lastKnownFileType = sourcecode.c.h; path = VJDocument.h; sourceTree = "<group>"; };
		382554D1157BE3550099CC24 /* VJDocument.m */ = {isa = PBXFileReference; lastKnownFileType = sourcecode.c.objc; path = VJDocument.m; sourceTree = "<group>"; };
		382554D4157BE3550099CC24 /* en */ = {isa = PBXFileReference; lastKnownFileType = file.xib; name = en; path = en.lproj/VJDocument.xib; sourceTree = "<group>"; };
		382554D7157BE3550099CC24 /* en */ = {isa = PBXFileReference; lastKnownFileType = file.xib; name = en; path = en.lproj/MainMenu.xib; sourceTree = "<group>"; };
		382554E0157BE3550099CC24 /* VisualJSONImporter.mdimporter */ = {isa = PBXFileReference; explicitFileType = wrapper.cfbundle; includeInIndex = 0; path = VisualJSONImporter.mdimporter; sourceTree = BUILT_PRODUCTS_DIR; };
		382554E4157BE3550099CC24 /* CoreServices.framework */ = {isa = PBXFileReference; lastKnownFileType = wrapper.framework; name = CoreServices.framework; path = System/Library/Frameworks/CoreServices.framework; sourceTree = SDKROOT; };
		382554E6157BE3550099CC24 /* CoreFoundation.framework */ = {isa = PBXFileReference; lastKnownFileType = wrapper.framework; name = CoreFoundation.framework; path = System/Library/Frameworks/CoreFoundation.framework; sourceTree = SDKROOT; };
		382554E8157BE3550099CC24 /* CoreData.framework */ = {isa = PBXFileReference; lastKnownFileType = wrapper.framework; name = CoreData.framework; path = System/Library/Frameworks/CoreData.framework; sourceTree = SDKROOT; };
		382554EA157BE3550099CC24 /* Foundation.framework */ = {isa = PBXFileReference; lastKnownFileType = wrapper.framework; name = Foundation.framework; path = System/Library/Frameworks/Foundation.framework; sourceTree = SDKROOT; };
		382554EE157BE3550099CC24 /* VisualJSONImporter-Info.plist */ = {isa = PBXFileReference; lastKnownFileType = text.plist.xml; path = "VisualJSONImporter-Info.plist"; sourceTree = "<group>"; };
		382554F0157BE3550099CC24 /* en */ = {isa = PBXFileReference; lastKnownFileType = text.plist.strings; name = en; path = en.lproj/InfoPlist.strings; sourceTree = "<group>"; };
		382554F2157BE3550099CC24 /* main.c */ = {isa = PBXFileReference; lastKnownFileType = sourcecode.c.c; path = main.c; sourceTree = "<group>"; };
		382554F4157BE3550099CC24 /* GetMetadataForFile.m */ = {isa = PBXFileReference; lastKnownFileType = sourcecode.c.objc; path = GetMetadataForFile.m; sourceTree = "<group>"; };
		382554F6157BE3550099CC24 /* MySpotlightImporter.h */ = {isa = PBXFileReference; lastKnownFileType = sourcecode.c.h; path = MySpotlightImporter.h; sourceTree = "<group>"; };
		382554F7157BE3550099CC24 /* MySpotlightImporter.m */ = {isa = PBXFileReference; lastKnownFileType = sourcecode.c.objc; path = MySpotlightImporter.m; sourceTree = "<group>"; };
		382554F9157BE3550099CC24 /* Importer Read Me.txt */ = {isa = PBXFileReference; lastKnownFileType = text; path = "Importer Read Me.txt"; sourceTree = "<group>"; };
		382554FA157BE3550099CC24 /* VisualJSONImporter-Prefix.pch */ = {isa = PBXFileReference; lastKnownFileType = sourcecode.c.h; path = "VisualJSONImporter-Prefix.pch"; sourceTree = "<group>"; };
		38255503157BE3730099CC24 /* Entitlements.entitlements */ = {isa = PBXFileReference; lastKnownFileType = text.xml; path = Entitlements.entitlements; sourceTree = "<group>"; };
		38255565157C94C50099CC24 /* JsonElement.h */ = {isa = PBXFileReference; fileEncoding = 4; lastKnownFileType = sourcecode.c.h; path = JsonElement.h; sourceTree = "<group>"; };
		38255566157C94C50099CC24 /* JsonElement.m */ = {isa = PBXFileReference; fileEncoding = 4; lastKnownFileType = sourcecode.c.objc; path = JsonElement.m; sourceTree = "<group>"; };
		38416C0D160A240A0059A916 /* Icon.iconset */ = {isa = PBXFileReference; lastKnownFileType = folder.iconset; path = Icon.iconset; sourceTree = "<group>"; };
		385E84F51597839F001562F6 /* AppDelegate.h */ = {isa = PBXFileReference; fileEncoding = 4; lastKnownFileType = sourcecode.c.h; path = AppDelegate.h; sourceTree = "<group>"; };
		385E84F61597839F001562F6 /* AppDelegate.m */ = {isa = PBXFileReference; fileEncoding = 4; lastKnownFileType = sourcecode.c.objc; path = AppDelegate.m; sourceTree = "<group>"; };
		3868F73B1629E8E700C31163 /* VisualXML.app */ = {isa = PBXFileReference; explicitFileType = wrapper.application; includeInIndex = 0; path = VisualXML.app; sourceTree = BUILT_PRODUCTS_DIR; };
		3868F75C1629E8E800C31163 /* SenTestingKit.framework */ = {isa = PBXFileReference; lastKnownFileType = wrapper.framework; name = SenTestingKit.framework; path = Library/Frameworks/SenTestingKit.framework; sourceTree = DEVELOPER_DIR; };
		3868F7941629EA0400C31163 /* VisualXML-Info.plist */ = {isa = PBXFileReference; lastKnownFileType = text.plist.xml; path = "VisualXML-Info.plist"; sourceTree = "<group>"; };
		3868F79C1629EDCF00C31163 /* VJJsonDocumentDelegate.h */ = {isa = PBXFileReference; fileEncoding = 4; lastKnownFileType = sourcecode.c.h; path = VJJsonDocumentDelegate.h; sourceTree = "<group>"; };
		3868F79D1629EDCF00C31163 /* VJJsonDocumentDelegate.m */ = {isa = PBXFileReference; fileEncoding = 4; lastKnownFileType = sourcecode.c.objc; path = VJJsonDocumentDelegate.m; sourceTree = "<group>"; };
		3868F79F1629F12200C31163 /* VJXMLDocumentDelegate.h */ = {isa = PBXFileReference; fileEncoding = 4; lastKnownFileType = sourcecode.c.h; path = VJXMLDocumentDelegate.h; sourceTree = "<group>"; };
		3868F7A01629F12200C31163 /* VJXMLDocumentDelegate.m */ = {isa = PBXFileReference; fileEncoding = 4; lastKnownFileType = sourcecode.c.objc; path = VJXMLDocumentDelegate.m; sourceTree = "<group>"; };
		387B1EBD16EBDF640059722B /* libPods.a */ = {isa = PBXFileReference; lastKnownFileType = archive.ar; name = libPods.a; path = Pods/build/Debug/libPods.a; sourceTree = "<group>"; };
		387B1EBF16EBE3EF0059722B /* Icon.iconset */ = {isa = PBXFileReference; lastKnownFileType = folder.iconset; path = Icon.iconset; sourceTree = "<group>"; };
		388DE108165480EE00139B31 /* VJDocumentHistory.h */ = {isa = PBXFileReference; fileEncoding = 4; lastKnownFileType = sourcecode.c.h; path = VJDocumentHistory.h; sourceTree = "<group>"; };
		388DE109165480EE00139B31 /* VJDocumentHistory.m */ = {isa = PBXFileReference; fileEncoding = 4; lastKnownFileType = sourcecode.c.objc; path = VJDocumentHistory.m; sourceTree = "<group>"; };
		38A1C033157DD7030034EDC4 /* VJRequest.h */ = {isa = PBXFileReference; fileEncoding = 4; lastKnownFileType = sourcecode.c.h; path = VJRequest.h; sourceTree = "<group>"; };
		38A1C034157DD7030034EDC4 /* VJRequest.m */ = {isa = PBXFileReference; fileEncoding = 4; lastKnownFileType = sourcecode.c.objc; path = VJRequest.m; sourceTree = "<group>"; };
		38A1C037157E15240034EDC4 /* VJDocument.xcdatamodel */ = {isa = PBXFileReference; lastKnownFileType = wrapper.xcdatamodel; path = VJDocument.xcdatamodel; sourceTree = "<group>"; };
		38B0C70F164101F20044C73C /* libPods.a */ = {isa = PBXFileReference; lastKnownFileType = archive.ar; name = libPods.a; path = Pods/build/Release/libPods.a; sourceTree = "<group>"; };
		38CAB03A1664F46B00181B0D /* version.xcconfig */ = {isa = PBXFileReference; lastKnownFileType = text.xcconfig; name = version.xcconfig; path = xcodepkgtool/version.xcconfig; sourceTree = "<group>"; };
		C53C08C4F80849EB8B688C6C /* Pods.xcconfig */ = {isa = PBXFileReference; includeInIndex = 1; lastKnownFileType = text.xcconfig; name = Pods.xcconfig; path = Pods/Pods.xcconfig; sourceTree = SOURCE_ROOT; };
/* End PBXFileReference section */

/* Begin PBXFrameworksBuildPhase section */
		382554B7157BE3550099CC24 /* Frameworks */ = {
			isa = PBXFrameworksBuildPhase;
			buildActionMask = 2147483647;
			files = (
				382554BF157BE3550099CC24 /* Cocoa.framework in Frameworks */,
				38B0C710164101F20044C73C /* libPods.a in Frameworks */,
			);
			runOnlyForDeploymentPostprocessing = 0;
		};
		382554DD157BE3550099CC24 /* Frameworks */ = {
			isa = PBXFrameworksBuildPhase;
			buildActionMask = 2147483647;
			files = (
				382554E5157BE3550099CC24 /* CoreServices.framework in Frameworks */,
				382554E7157BE3550099CC24 /* CoreFoundation.framework in Frameworks */,
				382554E9157BE3550099CC24 /* CoreData.framework in Frameworks */,
				382554EB157BE3550099CC24 /* Foundation.framework in Frameworks */,
			);
			runOnlyForDeploymentPostprocessing = 0;
		};
		3868F7381629E8E700C31163 /* Frameworks */ = {
			isa = PBXFrameworksBuildPhase;
			buildActionMask = 2147483647;
			files = (
				387B1EBE16EBDF640059722B /* libPods.a in Frameworks */,
				3868F73D1629E8E700C31163 /* Cocoa.framework in Frameworks */,
			);
			runOnlyForDeploymentPostprocessing = 0;
		};
/* End PBXFrameworksBuildPhase section */

/* Begin PBXGroup section */
		382554AF157BE3550099CC24 = {
			isa = PBXGroup;
			children = (
				387B1EBD16EBDF640059722B /* libPods.a */,
				3868F7921629E95200C31163 /* Commons */,
				382554C4157BE3550099CC24 /* VisualJSON */,
				3868F7931629E9A700C31163 /* VisualXML */,
				382554EC157BE3550099CC24 /* VisualJSONImporter */,
				382554BD157BE3550099CC24 /* Frameworks */,
				382554BB157BE3550099CC24 /* Products */,
				C53C08C4F80849EB8B688C6C /* Pods.xcconfig */,
				38CAB03A1664F46B00181B0D /* version.xcconfig */,
			);
			sourceTree = "<group>";
		};
		382554BB157BE3550099CC24 /* Products */ = {
			isa = PBXGroup;
			children = (
				382554BA157BE3550099CC24 /* VisualJSON.app */,
				382554E0157BE3550099CC24 /* VisualJSONImporter.mdimporter */,
				3868F73B1629E8E700C31163 /* VisualXML.app */,
			);
			name = Products;
			sourceTree = "<group>";
		};
		382554BD157BE3550099CC24 /* Frameworks */ = {
			isa = PBXGroup;
			children = (
				382554BE157BE3550099CC24 /* Cocoa.framework */,
				382554E4157BE3550099CC24 /* CoreServices.framework */,
				382554E6157BE3550099CC24 /* CoreFoundation.framework */,
				382554E8157BE3550099CC24 /* CoreData.framework */,
				382554EA157BE3550099CC24 /* Foundation.framework */,
				3868F75C1629E8E800C31163 /* SenTestingKit.framework */,
				382554C0157BE3550099CC24 /* Other Frameworks */,
				38B0C70F164101F20044C73C /* libPods.a */,
			);
			name = Frameworks;
			sourceTree = "<group>";
		};
		382554C0157BE3550099CC24 /* Other Frameworks */ = {
			isa = PBXGroup;
			children = (
				382554C1157BE3550099CC24 /* AppKit.framework */,
				382554C2157BE3550099CC24 /* CoreData.framework */,
				382554C3157BE3550099CC24 /* Foundation.framework */,
			);
			name = "Other Frameworks";
			sourceTree = "<group>";
		};
		382554C4157BE3550099CC24 /* VisualJSON */ = {
			isa = PBXGroup;
			children = (
				38255565157C94C50099CC24 /* JsonElement.h */,
				38255566157C94C50099CC24 /* JsonElement.m */,
				3868F79C1629EDCF00C31163 /* VJJsonDocumentDelegate.h */,
				3868F79D1629EDCF00C31163 /* VJJsonDocumentDelegate.m */,
				382554C5157BE3550099CC24 /* Supporting Files */,
			);
			path = VisualJSON;
			sourceTree = "<group>";
		};
		382554C5157BE3550099CC24 /* Supporting Files */ = {
			isa = PBXGroup;
			children = (
				382554C6157BE3550099CC24 /* VisualJSON-Info.plist */,
				382554C7157BE3550099CC24 /* InfoPlist.strings */,
				382554CA157BE3550099CC24 /* main.m */,
				382554CC157BE3550099CC24 /* VisualJSON-Prefix.pch */,
				382554CD157BE3550099CC24 /* Credits.rtf */,
				38416C0D160A240A0059A916 /* Icon.iconset */,
			);
			name = "Supporting Files";
			sourceTree = "<group>";
		};
		382554EC157BE3550099CC24 /* VisualJSONImporter */ = {
			isa = PBXGroup;
			children = (
				382554F4157BE3550099CC24 /* GetMetadataForFile.m */,
				382554F6157BE3550099CC24 /* MySpotlightImporter.h */,
				382554F7157BE3550099CC24 /* MySpotlightImporter.m */,
				382554F9157BE3550099CC24 /* Importer Read Me.txt */,
				382554ED157BE3550099CC24 /* Supporting Files */,
			);
			path = VisualJSONImporter;
			sourceTree = "<group>";
		};
		382554ED157BE3550099CC24 /* Supporting Files */ = {
			isa = PBXGroup;
			children = (
				382554EE157BE3550099CC24 /* VisualJSONImporter-Info.plist */,
				382554EF157BE3550099CC24 /* InfoPlist.strings */,
				382554F2157BE3550099CC24 /* main.c */,
				382554FA157BE3550099CC24 /* VisualJSONImporter-Prefix.pch */,
			);
			name = "Supporting Files";
			sourceTree = "<group>";
		};
		3868F7921629E95200C31163 /* Commons */ = {
			isa = PBXGroup;
			children = (
				385E84F51597839F001562F6 /* AppDelegate.h */,
				385E84F61597839F001562F6 /* AppDelegate.m */,
				38A1C033157DD7030034EDC4 /* VJRequest.h */,
				38A1C034157DD7030034EDC4 /* VJRequest.m */,
				38255503157BE3730099CC24 /* Entitlements.entitlements */,
				382554D0157BE3550099CC24 /* VJDocument.h */,
				382554D1157BE3550099CC24 /* VJDocument.m */,
				388DE108165480EE00139B31 /* VJDocumentHistory.h */,
				388DE109165480EE00139B31 /* VJDocumentHistory.m */,
				38A1C036157E15240034EDC4 /* VJDocument.xcdatamodeld */,
				382554D3157BE3550099CC24 /* VJDocument.xib */,
				382554D6157BE3550099CC24 /* MainMenu.xib */,
			);
			name = Commons;
			path = VisualJSON;
			sourceTree = "<group>";
		};
		3868F7931629E9A700C31163 /* VisualXML */ = {
			isa = PBXGroup;
			children = (
				3868F7941629EA0400C31163 /* VisualXML-Info.plist */,
				3868F79F1629F12200C31163 /* VJXMLDocumentDelegate.h */,
				3868F7A01629F12200C31163 /* VJXMLDocumentDelegate.m */,
				387B1EC116EBE3F50059722B /* Supporting Files */,
			);
			path = VisualXML;
			sourceTree = "<group>";
		};
		387B1EC116EBE3F50059722B /* Supporting Files */ = {
			isa = PBXGroup;
			children = (
				387B1EBF16EBE3EF0059722B /* Icon.iconset */,
			);
			name = "Supporting Files";
			sourceTree = "<group>";
		};
/* End PBXGroup section */

/* Begin PBXNativeTarget section */
		382554B9157BE3550099CC24 /* VisualJSON */ = {
			isa = PBXNativeTarget;
			buildConfigurationList = 38255500157BE3550099CC24 /* Build configuration list for PBXNativeTarget "VisualJSON" */;
			buildPhases = (
				38CAB03C1664F48D00181B0D /* Generate Version xcconfig */,
				382554B6157BE3550099CC24 /* Sources */,
				382554B7157BE3550099CC24 /* Frameworks */,
				382554B8157BE3550099CC24 /* Resources */,
				388227E415924E57000AB63D /* Copy Frameworks */,
				346F49323B434C84B4E1D346 /* Copy Pods Resources */,
			);
			buildRules = (
			);
			dependencies = (
			);
			name = VisualJSON;
			productName = VisualJSON;
			productReference = 382554BA157BE3550099CC24 /* VisualJSON.app */;
			productType = "com.apple.product-type.application";
		};
		382554DF157BE3550099CC24 /* VisualJSONImporter */ = {
			isa = PBXNativeTarget;
			buildConfigurationList = 382554FD157BE3550099CC24 /* Build configuration list for PBXNativeTarget "VisualJSONImporter" */;
			buildPhases = (
				382554DC157BE3550099CC24 /* Sources */,
				382554DD157BE3550099CC24 /* Frameworks */,
				382554DE157BE3550099CC24 /* Resources */,
			);
			buildRules = (
			);
			dependencies = (
			);
			name = VisualJSONImporter;
			productName = VisualJSONImporter;
			productReference = 382554E0157BE3550099CC24 /* VisualJSONImporter.mdimporter */;
			productType = "com.apple.product-type.bundle";
		};
		3868F73A1629E8E700C31163 /* VisualXML */ = {
			isa = PBXNativeTarget;
			buildConfigurationList = 3868F7881629E8E800C31163 /* Build configuration list for PBXNativeTarget "VisualXML" */;
			buildPhases = (
				3868F7371629E8E700C31163 /* Sources */,
				3868F7381629E8E700C31163 /* Frameworks */,
				3868F7391629E8E700C31163 /* Resources */,
				3868F79A1629EACF00C31163 /* Copy Frameworks */,
			);
			buildRules = (
			);
			dependencies = (
			);
			name = VisualXML;
			productName = VisualXML;
			productReference = 3868F73B1629E8E700C31163 /* VisualXML.app */;
			productType = "com.apple.product-type.application";
		};
/* End PBXNativeTarget section */

/* Begin PBXProject section */
		382554B1157BE3550099CC24 /* Project object */ = {
			isa = PBXProject;
			attributes = {
				CLASSPREFIX = VJ;
				LastUpgradeCheck = 0450;
				ORGANIZATIONNAME = youknowone.org;
			};
			buildConfigurationList = 382554B4157BE3550099CC24 /* Build configuration list for PBXProject "VisualJSON" */;
			compatibilityVersion = "Xcode 3.2";
			developmentRegion = English;
			hasScannedForEncodings = 0;
			knownRegions = (
				en,
			);
			mainGroup = 382554AF157BE3550099CC24;
			productRefGroup = 382554BB157BE3550099CC24 /* Products */;
			projectDirPath = "";
			projectRoot = "";
			targets = (
				382554B9157BE3550099CC24 /* VisualJSON */,
				382554DF157BE3550099CC24 /* VisualJSONImporter */,
				3868F73A1629E8E700C31163 /* VisualXML */,
			);
		};
/* End PBXProject section */

/* Begin PBXResourcesBuildPhase section */
		382554B8157BE3550099CC24 /* Resources */ = {
			isa = PBXResourcesBuildPhase;
			buildActionMask = 2147483647;
			files = (
				382554C9157BE3550099CC24 /* InfoPlist.strings in Resources */,
				382554CF157BE3550099CC24 /* Credits.rtf in Resources */,
				382554D5157BE3550099CC24 /* VJDocument.xib in Resources */,
				382554D8157BE3550099CC24 /* MainMenu.xib in Resources */,
				38416C0E160A240A0059A916 /* Icon.iconset in Resources */,
			);
			runOnlyForDeploymentPostprocessing = 0;
		};
		382554DE157BE3550099CC24 /* Resources */ = {
			isa = PBXResourcesBuildPhase;
			buildActionMask = 2147483647;
			files = (
				382554F1157BE3550099CC24 /* InfoPlist.strings in Resources */,
			);
			runOnlyForDeploymentPostprocessing = 0;
		};
		3868F7391629E8E700C31163 /* Resources */ = {
			isa = PBXResourcesBuildPhase;
			buildActionMask = 2147483647;
			files = (
				3868F7A21629F23D00C31163 /* VJDocument.xib in Resources */,
				3868F7A31629F23D00C31163 /* MainMenu.xib in Resources */,
				387B1EC016EBE3EF0059722B /* Icon.iconset in Resources */,
			);
			runOnlyForDeploymentPostprocessing = 0;
		};
/* End PBXResourcesBuildPhase section */

/* Begin PBXShellScriptBuildPhase section */
		346F49323B434C84B4E1D346 /* Copy Pods Resources */ = {
			isa = PBXShellScriptBuildPhase;
			buildActionMask = 2147483647;
			files = (
			);
			inputPaths = (
			);
			name = "Copy Pods Resources";
			outputPaths = (
			);
			runOnlyForDeploymentPostprocessing = 0;
			shellPath = /bin/sh;
			shellScript = "\"${SRCROOT}/Pods/Pods-resources.sh\"\n";
		};
		38CAB03C1664F48D00181B0D /* Generate Version xcconfig */ = {
			isa = PBXShellScriptBuildPhase;
			buildActionMask = 2147483647;
			files = (
			);
			inputPaths = (
			);
			name = "Generate Version xcconfig";
			outputPaths = (
			);
			runOnlyForDeploymentPostprocessing = 0;
			shellPath = /bin/sh;
			shellScript = "cd xcodepkgtool\necho \"APP_VERSION=`./version.sh`\" > version.xcconfig";
		};
/* End PBXShellScriptBuildPhase section */

/* Begin PBXSourcesBuildPhase section */
		382554B6157BE3550099CC24 /* Sources */ = {
			isa = PBXSourcesBuildPhase;
			buildActionMask = 2147483647;
			files = (
				382554CB157BE3550099CC24 /* main.m in Sources */,
				382554D2157BE3550099CC24 /* VJDocument.m in Sources */,
				38255567157C94C50099CC24 /* JsonElement.m in Sources */,
				38A1C035157DD7030034EDC4 /* VJRequest.m in Sources */,
				38A1C038157E15240034EDC4 /* VJDocument.xcdatamodeld in Sources */,
				385E84F71597839F001562F6 /* AppDelegate.m in Sources */,
				3868F79E1629EDCF00C31163 /* VJJsonDocumentDelegate.m in Sources */,
				3868F7A4162B1AAC00C31163 /* VJXMLDocumentDelegate.m in Sources */,
				388DE10A165480EE00139B31 /* VJDocumentHistory.m in Sources */,
			);
			runOnlyForDeploymentPostprocessing = 0;
		};
		382554DC157BE3550099CC24 /* Sources */ = {
			isa = PBXSourcesBuildPhase;
			buildActionMask = 2147483647;
			files = (
				382554F3157BE3550099CC24 /* main.c in Sources */,
				382554F5157BE3550099CC24 /* GetMetadataForFile.m in Sources */,
				382554F8157BE3550099CC24 /* MySpotlightImporter.m in Sources */,
			);
			runOnlyForDeploymentPostprocessing = 0;
		};
		3868F7371629E8E700C31163 /* Sources */ = {
			isa = PBXSourcesBuildPhase;
			buildActionMask = 2147483647;
			files = (
				3868F7971629EA9D00C31163 /* main.m in Sources */,
				3868F7901629E8FE00C31163 /* VJDocument.m in Sources */,
				3868F78F1629E8F900C31163 /* VJRequest.m in Sources */,
				3868F78E1629E8F900C31163 /* AppDelegate.m in Sources */,
				3868F7981629EAB200C31163 /* VJDocument.xcdatamodeld in Sources */,
				3868F7A11629F12200C31163 /* VJXMLDocumentDelegate.m in Sources */,
				387B1EBA16EBDEA80059722B /* VJJsonDocumentDelegate.m in Sources */,
				387B1EBB16EBDEB40059722B /* JsonElement.m in Sources */,
				387B1EBC16EBDEC30059722B /* VJDocumentHistory.m in Sources */,
			);
			runOnlyForDeploymentPostprocessing = 0;
		};
/* End PBXSourcesBuildPhase section */

/* Begin PBXVariantGroup section */
		382554C7157BE3550099CC24 /* InfoPlist.strings */ = {
			isa = PBXVariantGroup;
			children = (
				382554C8157BE3550099CC24 /* en */,
			);
			name = InfoPlist.strings;
			sourceTree = "<group>";
		};
		382554CD157BE3550099CC24 /* Credits.rtf */ = {
			isa = PBXVariantGroup;
			children = (
				382554CE157BE3550099CC24 /* en */,
			);
			name = Credits.rtf;
			sourceTree = "<group>";
		};
		382554D3157BE3550099CC24 /* VJDocument.xib */ = {
			isa = PBXVariantGroup;
			children = (
				382554D4157BE3550099CC24 /* en */,
			);
			name = VJDocument.xib;
			sourceTree = "<group>";
		};
		382554D6157BE3550099CC24 /* MainMenu.xib */ = {
			isa = PBXVariantGroup;
			children = (
				382554D7157BE3550099CC24 /* en */,
			);
			name = MainMenu.xib;
			sourceTree = "<group>";
		};
		382554EF157BE3550099CC24 /* InfoPlist.strings */ = {
			isa = PBXVariantGroup;
			children = (
				382554F0157BE3550099CC24 /* en */,
			);
			name = InfoPlist.strings;
			sourceTree = "<group>";
		};
/* End PBXVariantGroup section */

/* Begin XCBuildConfiguration section */
		382554FB157BE3550099CC24 /* Debug */ = {
			isa = XCBuildConfiguration;
			baseConfigurationReference = 38CAB03A1664F46B00181B0D /* version.xcconfig */;
			buildSettings = {
				ALWAYS_SEARCH_USER_PATHS = NO;
				ARCHS = "$(ARCHS_STANDARD_32_64_BIT)";
				COPY_PHASE_STRIP = NO;
				GCC_C_LANGUAGE_STANDARD = gnu99;
				GCC_DYNAMIC_NO_PIC = NO;
				GCC_ENABLE_OBJC_EXCEPTIONS = YES;
				GCC_OPTIMIZATION_LEVEL = 0;
				GCC_PREPROCESSOR_DEFINITIONS = (
					"DEBUG=1",
					"$(inherited)",
				);
				GCC_SYMBOLS_PRIVATE_EXTERN = NO;
				GCC_WARN_64_TO_32_BIT_CONVERSION = YES;
				GCC_WARN_ABOUT_RETURN_TYPE = YES;
				GCC_WARN_UNINITIALIZED_AUTOS = YES;
				GCC_WARN_UNUSED_VARIABLE = YES;
				HEADER_SEARCH_PATHS = FoundationExtension;
				MACOSX_DEPLOYMENT_TARGET = 10.7;
				ONLY_ACTIVE_ARCH = YES;
				SDKROOT = macosx10.7;
			};
			name = Debug;
		};
		382554FC157BE3550099CC24 /* Release */ = {
			isa = XCBuildConfiguration;
			baseConfigurationReference = 38CAB03A1664F46B00181B0D /* version.xcconfig */;
			buildSettings = {
				ALWAYS_SEARCH_USER_PATHS = NO;
				ARCHS = "$(ARCHS_STANDARD_32_64_BIT)";
				COPY_PHASE_STRIP = YES;
				DEBUG_INFORMATION_FORMAT = "dwarf-with-dsym";
				GCC_C_LANGUAGE_STANDARD = gnu99;
				GCC_ENABLE_OBJC_EXCEPTIONS = YES;
				GCC_WARN_64_TO_32_BIT_CONVERSION = YES;
				GCC_WARN_ABOUT_RETURN_TYPE = YES;
				GCC_WARN_UNINITIALIZED_AUTOS = YES;
				GCC_WARN_UNUSED_VARIABLE = YES;
				HEADER_SEARCH_PATHS = FoundationExtension;
				MACOSX_DEPLOYMENT_TARGET = 10.7;
				SDKROOT = macosx10.7;
			};
			name = Release;
		};
		382554FE157BE3550099CC24 /* Debug */ = {
			isa = XCBuildConfiguration;
			buildSettings = {
				ALWAYS_SEARCH_USER_PATHS = YES;
				COMBINE_HIDPI_IMAGES = YES;
				GCC_PRECOMPILE_PREFIX_HEADER = YES;
				GCC_PREFIX_HEADER = "VisualJSONImporter/VisualJSONImporter-Prefix.pch";
				INFOPLIST_FILE = "VisualJSONImporter/VisualJSONImporter-Info.plist";
				INSTALL_PATH = "@executable_path/../Contents/Library/Spotlight";
				LIBRARY_STYLE = BUNDLE;
				PRODUCT_NAME = "$(TARGET_NAME)";
				SKIP_INSTALL = YES;
				WRAPPER_EXTENSION = mdimporter;
			};
			name = Debug;
		};
		382554FF157BE3550099CC24 /* Release */ = {
			isa = XCBuildConfiguration;
			buildSettings = {
				ALWAYS_SEARCH_USER_PATHS = YES;
				COMBINE_HIDPI_IMAGES = YES;
				GCC_PRECOMPILE_PREFIX_HEADER = YES;
				GCC_PREFIX_HEADER = "VisualJSONImporter/VisualJSONImporter-Prefix.pch";
				INFOPLIST_FILE = "VisualJSONImporter/VisualJSONImporter-Info.plist";
				INSTALL_PATH = "@executable_path/../Contents/Library/Spotlight";
				LIBRARY_STYLE = BUNDLE;
				PRODUCT_NAME = "$(TARGET_NAME)";
				SKIP_INSTALL = YES;
				WRAPPER_EXTENSION = mdimporter;
			};
			name = Release;
		};
		38255501157BE3550099CC24 /* Debug */ = {
			isa = XCBuildConfiguration;
			baseConfigurationReference = C53C08C4F80849EB8B688C6C /* Pods.xcconfig */;
			buildSettings = {
				CODE_SIGN_ENTITLEMENTS = VisualJSON/Entitlements.entitlements;
				COMBINE_HIDPI_IMAGES = YES;
				GCC_PRECOMPILE_PREFIX_HEADER = YES;
				GCC_PREFIX_HEADER = "VisualJSON/VisualJSON-Prefix.pch";
				GCC_PREPROCESSOR_DEFINITIONS_NOT_USED_IN_PRECOMPS = JSON;
				INFOPLIST_FILE = "VisualJSON/VisualJSON-Info.plist";
				LIBRARY_SEARCH_PATHS = (
					"$(inherited)",
					"\"$(SRCROOT)/Pods/build/$(CONFIGURATION)\"",
				);
				MACOSX_DEPLOYMENT_TARGET = 10.7;
				PRODUCT_NAME = "$(TARGET_NAME)";
				SDKROOT = macosx10.7;
				WRAPPER_EXTENSION = app;
			};
			name = Debug;
		};
		38255502157BE3550099CC24 /* Release */ = {
			isa = XCBuildConfiguration;
			baseConfigurationReference = C53C08C4F80849EB8B688C6C /* Pods.xcconfig */;
			buildSettings = {
				CODE_SIGN_ENTITLEMENTS = VisualJSON/Entitlements.entitlements;
				CODE_SIGN_IDENTITY = "3rd Party Mac Developer Application";
				COMBINE_HIDPI_IMAGES = YES;
				GCC_PRECOMPILE_PREFIX_HEADER = YES;
				GCC_PREFIX_HEADER = "VisualJSON/VisualJSON-Prefix.pch";
				GCC_PREPROCESSOR_DEFINITIONS_NOT_USED_IN_PRECOMPS = JSON;
				INFOPLIST_FILE = "VisualJSON/VisualJSON-Info.plist";
				LIBRARY_SEARCH_PATHS = (
					"$(inherited)",
					"\"$(SRCROOT)/Pods/build/$(CONFIGURATION)\"",
				);
				MACOSX_DEPLOYMENT_TARGET = 10.7;
				PRODUCT_NAME = "$(TARGET_NAME)";
				PROVISIONING_PROFILE = "";
				SDKROOT = macosx10.7;
				WRAPPER_EXTENSION = app;
			};
			name = Release;
		};
		3868F7891629E8E800C31163 /* Debug */ = {
			isa = XCBuildConfiguration;
			baseConfigurationReference = C53C08C4F80849EB8B688C6C /* Pods.xcconfig */;
			buildSettings = {
				CLANG_CXX_LANGUAGE_STANDARD = "gnu++0x";
				CLANG_CXX_LIBRARY = "libc++";
				CLANG_WARN_EMPTY_BODY = YES;
				CLANG_WARN__DUPLICATE_METHOD_MATCH = YES;
				COMBINE_HIDPI_IMAGES = YES;
				GCC_PRECOMPILE_PREFIX_HEADER = YES;
				GCC_PREFIX_HEADER = "VisualJSON/VisualJSON-Prefix.pch";
				GCC_PREPROCESSOR_DEFINITIONS_NOT_USED_IN_PRECOMPS = XML;
				INFOPLIST_FILE = "VisualXML/VisualXML-Info.plist";
				LIBRARY_SEARCH_PATHS = (
					"$(inherited)",
					"\"$(SRCROOT)/Pods/build/Debug\"",
				);
				PRODUCT_NAME = "$(TARGET_NAME)";
				WRAPPER_EXTENSION = app;
			};
			name = Debug;
		};
		3868F78A1629E8E800C31163 /* Release */ = {
			isa = XCBuildConfiguration;
			baseConfigurationReference = C53C08C4F80849EB8B688C6C /* Pods.xcconfig */;
			buildSettings = {
				CLANG_CXX_LANGUAGE_STANDARD = "gnu++0x";
				CLANG_CXX_LIBRARY = "libc++";
				CLANG_WARN_EMPTY_BODY = YES;
				CLANG_WARN__DUPLICATE_METHOD_MATCH = YES;
				COMBINE_HIDPI_IMAGES = YES;
				GCC_PRECOMPILE_PREFIX_HEADER = YES;
				GCC_PREFIX_HEADER = "VisualJSON/VisualJSON-Prefix.pch";
				GCC_PREPROCESSOR_DEFINITIONS_NOT_USED_IN_PRECOMPS = XML;
				INFOPLIST_FILE = "VisualXML/VisualXML-Info.plist";
				LIBRARY_SEARCH_PATHS = (
					"$(inherited)",
					"\"$(SRCROOT)/Pods/build/Debug\"",
				);
				PRODUCT_NAME = "$(TARGET_NAME)";
				WRAPPER_EXTENSION = app;
			};
			name = Release;
		};
/* End XCBuildConfiguration section */

/* Begin XCConfigurationList section */
		382554B4157BE3550099CC24 /* Build configuration list for PBXProject "VisualJSON" */ = {
			isa = XCConfigurationList;
			buildConfigurations = (
				382554FB157BE3550099CC24 /* Debug */,
				382554FC157BE3550099CC24 /* Release */,
			);
			defaultConfigurationIsVisible = 0;
			defaultConfigurationName = Release;
		};
		382554FD157BE3550099CC24 /* Build configuration list for PBXNativeTarget "VisualJSONImporter" */ = {
			isa = XCConfigurationList;
			buildConfigurations = (
				382554FE157BE3550099CC24 /* Debug */,
				382554FF157BE3550099CC24 /* Release */,
			);
			defaultConfigurationIsVisible = 0;
			defaultConfigurationName = Release;
		};
		38255500157BE3550099CC24 /* Build configuration list for PBXNativeTarget "VisualJSON" */ = {
			isa = XCConfigurationList;
			buildConfigurations = (
				38255501157BE3550099CC24 /* Debug */,
				38255502157BE3550099CC24 /* Release */,
			);
			defaultConfigurationIsVisible = 0;
			defaultConfigurationName = Release;
		};
		3868F7881629E8E800C31163 /* Build configuration list for PBXNativeTarget "VisualXML" */ = {
			isa = XCConfigurationList;
			buildConfigurations = (
				3868F7891629E8E800C31163 /* Debug */,
				3868F78A1629E8E800C31163 /* Release */,
			);
			defaultConfigurationIsVisible = 0;
			defaultConfigurationName = Release;
		};
/* End XCConfigurationList section */

/* Begin XCVersionGroup section */
		38A1C036157E15240034EDC4 /* VJDocument.xcdatamodeld */ = {
			isa = XCVersionGroup;
			children = (
				38A1C037157E15240034EDC4 /* VJDocument.xcdatamodel */,
			);
			currentVersion = 38A1C037157E15240034EDC4 /* VJDocument.xcdatamodel */;
			path = VJDocument.xcdatamodeld;
			sourceTree = "<group>";
			versionGroupType = wrapper.xcdatamodel;
		};
/* End XCVersionGroup section */
	};
	rootObject = 382554B1157BE3550099CC24 /* Project object */;
}
